// !$*UTF8*$!
{
	archiveVersion = 1;
	classes = {
	};
	objectVersion = 56;
	objects = {

/* Begin PBXBuildFile section */
		787326EF2A9B724500AF4339 /* GalleryViewController.swift in Sources */ = {isa = PBXBuildFile; fileRef = 787326ED2A9B724500AF4339 /* GalleryViewController.swift */; };
		787326F02A9B724500AF4339 /* GalleryViewController.xib in Resources */ = {isa = PBXBuildFile; fileRef = 787326EE2A9B724500AF4339 /* GalleryViewController.xib */; };
		7884C4BC2AAE384000357305 /* URLManager.swift in Sources */ = {isa = PBXBuildFile; fileRef = 7884C4BB2AAE384000357305 /* URLManager.swift */; };
		78AF277B2A925C610085B4EE /* AppDelegate.swift in Sources */ = {isa = PBXBuildFile; fileRef = 78AF277A2A925C610085B4EE /* AppDelegate.swift */; };
		78AF277D2A925C610085B4EE /* SceneDelegate.swift in Sources */ = {isa = PBXBuildFile; fileRef = 78AF277C2A925C610085B4EE /* SceneDelegate.swift */; };
		78AF277F2A925C610085B4EE /* SplashViewController.swift in Sources */ = {isa = PBXBuildFile; fileRef = 78AF277E2A925C610085B4EE /* SplashViewController.swift */; };
		78AF27822A925C610085B4EE /* Main.storyboard in Resources */ = {isa = PBXBuildFile; fileRef = 78AF27802A925C610085B4EE /* Main.storyboard */; };
		78AF27842A925C630085B4EE /* Assets.xcassets in Resources */ = {isa = PBXBuildFile; fileRef = 78AF27832A925C630085B4EE /* Assets.xcassets */; };
		78AF27872A925C630085B4EE /* LaunchScreen.storyboard in Resources */ = {isa = PBXBuildFile; fileRef = 78AF27852A925C630085B4EE /* LaunchScreen.storyboard */; };
		78AF27902A925EDF0085B4EE /* Lottie in Frameworks */ = {isa = PBXBuildFile; productRef = 78AF278F2A925EDF0085B4EE /* Lottie */; };
		78AF27962A926E740085B4EE /* galleryAnimation.json in Resources */ = {isa = PBXBuildFile; fileRef = 78AF27952A926E740085B4EE /* galleryAnimation.json */; };
		78AF279B2A9272AE0085B4EE /* LoginViewController.swift in Sources */ = {isa = PBXBuildFile; fileRef = 78AF27992A9272AE0085B4EE /* LoginViewController.swift */; };
		78AF279C2A9272AE0085B4EE /* LoginViewController.xib in Resources */ = {isa = PBXBuildFile; fileRef = 78AF279A2A9272AE0085B4EE /* LoginViewController.xib */; };
		78AF27A02A9287BC0085B4EE /* String+Delete.swift in Sources */ = {isa = PBXBuildFile; fileRef = 78AF279F2A9287BC0085B4EE /* String+Delete.swift */; };
/* End PBXBuildFile section */

/* Begin PBXFileReference section */
		787326ED2A9B724500AF4339 /* GalleryViewController.swift */ = {isa = PBXFileReference; lastKnownFileType = sourcecode.swift; path = GalleryViewController.swift; sourceTree = "<group>"; };
		787326EE2A9B724500AF4339 /* GalleryViewController.xib */ = {isa = PBXFileReference; lastKnownFileType = file.xib; path = GalleryViewController.xib; sourceTree = "<group>"; };
		7884C4BB2AAE384000357305 /* URLManager.swift */ = {isa = PBXFileReference; lastKnownFileType = sourcecode.swift; path = URLManager.swift; sourceTree = "<group>"; };
		78AF27772A925C610085B4EE /* GalleryApp.app */ = {isa = PBXFileReference; explicitFileType = wrapper.application; includeInIndex = 0; path = GalleryApp.app; sourceTree = BUILT_PRODUCTS_DIR; };
		78AF277A2A925C610085B4EE /* AppDelegate.swift */ = {isa = PBXFileReference; lastKnownFileType = sourcecode.swift; path = AppDelegate.swift; sourceTree = "<group>"; };
		78AF277C2A925C610085B4EE /* SceneDelegate.swift */ = {isa = PBXFileReference; lastKnownFileType = sourcecode.swift; path = SceneDelegate.swift; sourceTree = "<group>"; };
		78AF277E2A925C610085B4EE /* SplashViewController.swift */ = {isa = PBXFileReference; lastKnownFileType = sourcecode.swift; path = SplashViewController.swift; sourceTree = "<group>"; };
		78AF27812A925C610085B4EE /* Base */ = {isa = PBXFileReference; lastKnownFileType = file.storyboard; name = Base; path = Base.lproj/Main.storyboard; sourceTree = "<group>"; };
		78AF27832A925C630085B4EE /* Assets.xcassets */ = {isa = PBXFileReference; lastKnownFileType = folder.assetcatalog; path = Assets.xcassets; sourceTree = "<group>"; };
		78AF27862A925C630085B4EE /* Base */ = {isa = PBXFileReference; lastKnownFileType = file.storyboard; name = Base; path = Base.lproj/LaunchScreen.storyboard; sourceTree = "<group>"; };
		78AF27882A925C630085B4EE /* Info.plist */ = {isa = PBXFileReference; lastKnownFileType = text.plist.xml; path = Info.plist; sourceTree = "<group>"; };
		78AF27952A926E740085B4EE /* galleryAnimation.json */ = {isa = PBXFileReference; fileEncoding = 4; lastKnownFileType = text.json; path = galleryAnimation.json; sourceTree = "<group>"; };
		78AF27992A9272AE0085B4EE /* LoginViewController.swift */ = {isa = PBXFileReference; lastKnownFileType = sourcecode.swift; path = LoginViewController.swift; sourceTree = "<group>"; };
		78AF279A2A9272AE0085B4EE /* LoginViewController.xib */ = {isa = PBXFileReference; lastKnownFileType = file.xib; path = LoginViewController.xib; sourceTree = "<group>"; };
		78AF279F2A9287BC0085B4EE /* String+Delete.swift */ = {isa = PBXFileReference; lastKnownFileType = sourcecode.swift; path = "String+Delete.swift"; sourceTree = "<group>"; };
/* End PBXFileReference section */

/* Begin PBXFrameworksBuildPhase section */
		78AF27742A925C610085B4EE /* Frameworks */ = {
			isa = PBXFrameworksBuildPhase;
			buildActionMask = 2147483647;
			files = (
				78AF27902A925EDF0085B4EE /* Lottie in Frameworks */,
			);
			runOnlyForDeploymentPostprocessing = 0;
		};
/* End PBXFrameworksBuildPhase section */

/* Begin PBXGroup section */
		78AF276E2A925C610085B4EE = {
			isa = PBXGroup;
			children = (
				78AF27792A925C610085B4EE /* GalleryApp */,
				78AF27782A925C610085B4EE /* Products */,
			);
			sourceTree = "<group>";
		};
		78AF27782A925C610085B4EE /* Products */ = {
			isa = PBXGroup;
			children = (
				78AF27772A925C610085B4EE /* GalleryApp.app */,
			);
			name = Products;
			sourceTree = "<group>";
		};
		78AF27792A925C610085B4EE /* GalleryApp */ = {
			isa = PBXGroup;
			children = (
				78AF277A2A925C610085B4EE /* AppDelegate.swift */,
				78AF277C2A925C610085B4EE /* SceneDelegate.swift */,
				78AF279E2A9287870085B4EE /* Services */,
				78AF279D2A9272C20085B4EE /* Controllers */,
				78AF27972A9272160085B4EE /* Views */,
				78AF27982A9272320085B4EE /* Resources */,
				78AF27882A925C630085B4EE /* Info.plist */,
			);
			path = GalleryApp;
			sourceTree = "<group>";
		};
		78AF27972A9272160085B4EE /* Views */ = {
			isa = PBXGroup;
			children = (
				787326EE2A9B724500AF4339 /* GalleryViewController.xib */,
				78AF279A2A9272AE0085B4EE /* LoginViewController.xib */,
				78AF27802A925C610085B4EE /* Main.storyboard */,
				78AF27852A925C630085B4EE /* LaunchScreen.storyboard */,
			);
			path = Views;
			sourceTree = "<group>";
		};
		78AF27982A9272320085B4EE /* Resources */ = {
			isa = PBXGroup;
			children = (
				78AF27832A925C630085B4EE /* Assets.xcassets */,
				78AF27952A926E740085B4EE /* galleryAnimation.json */,
			);
			path = Resources;
			sourceTree = "<group>";
		};
		78AF279D2A9272C20085B4EE /* Controllers */ = {
			isa = PBXGroup;
			children = (
				78AF277E2A925C610085B4EE /* SplashViewController.swift */,
				78AF27992A9272AE0085B4EE /* LoginViewController.swift */,
				787326ED2A9B724500AF4339 /* GalleryViewController.swift */,
			);
			path = Controllers;
			sourceTree = "<group>";
		};
		78AF279E2A9287870085B4EE /* Services */ = {
			isa = PBXGroup;
			children = (
				78AF279F2A9287BC0085B4EE /* String+Delete.swift */,
				7884C4BB2AAE384000357305 /* URLManager.swift */,
			);
			path = Services;
			sourceTree = "<group>";
		};
/* End PBXGroup section */

/* Begin PBXNativeTarget section */
		78AF27762A925C610085B4EE /* GalleryApp */ = {
			isa = PBXNativeTarget;
			buildConfigurationList = 78AF278B2A925C630085B4EE /* Build configuration list for PBXNativeTarget "GalleryApp" */;
			buildPhases = (
				78AF27732A925C610085B4EE /* Sources */,
				78AF27742A925C610085B4EE /* Frameworks */,
				78AF27752A925C610085B4EE /* Resources */,
			);
			buildRules = (
			);
			dependencies = (
			);
			name = GalleryApp;
			packageProductDependencies = (
				78AF278F2A925EDF0085B4EE /* Lottie */,
			);
			productName = GalleryApp;
			productReference = 78AF27772A925C610085B4EE /* GalleryApp.app */;
			productType = "com.apple.product-type.application";
		};
/* End PBXNativeTarget section */

/* Begin PBXProject section */
		78AF276F2A925C610085B4EE /* Project object */ = {
			isa = PBXProject;
			attributes = {
				BuildIndependentTargetsInParallel = 1;
				LastSwiftUpdateCheck = 1430;
				LastUpgradeCheck = 1430;
				TargetAttributes = {
					78AF27762A925C610085B4EE = {
						CreatedOnToolsVersion = 14.3.1;
					};
				};
			};
			buildConfigurationList = 78AF27722A925C610085B4EE /* Build configuration list for PBXProject "GalleryApp" */;
			compatibilityVersion = "Xcode 14.0";
			developmentRegion = en;
			hasScannedForEncodings = 0;
			knownRegions = (
				en,
				Base,
			);
			mainGroup = 78AF276E2A925C610085B4EE;
			packageReferences = (
				78AF278E2A925EDF0085B4EE /* XCRemoteSwiftPackageReference "lottie-ios" */,
			);
			productRefGroup = 78AF27782A925C610085B4EE /* Products */;
			projectDirPath = "";
			projectRoot = "";
			targets = (
				78AF27762A925C610085B4EE /* GalleryApp */,
			);
		};
/* End PBXProject section */

/* Begin PBXResourcesBuildPhase section */
		78AF27752A925C610085B4EE /* Resources */ = {
			isa = PBXResourcesBuildPhase;
			buildActionMask = 2147483647;
			files = (
				78AF279C2A9272AE0085B4EE /* LoginViewController.xib in Resources */,
				787326F02A9B724500AF4339 /* GalleryViewController.xib in Resources */,
				78AF27872A925C630085B4EE /* LaunchScreen.storyboard in Resources */,
				78AF27842A925C630085B4EE /* Assets.xcassets in Resources */,
				78AF27962A926E740085B4EE /* galleryAnimation.json in Resources */,
				78AF27822A925C610085B4EE /* Main.storyboard in Resources */,
			);
			runOnlyForDeploymentPostprocessing = 0;
		};
/* End PBXResourcesBuildPhase section */

/* Begin PBXSourcesBuildPhase section */
		78AF27732A925C610085B4EE /* Sources */ = {
			isa = PBXSourcesBuildPhase;
			buildActionMask = 2147483647;
			files = (
				78AF279B2A9272AE0085B4EE /* LoginViewController.swift in Sources */,
				78AF277F2A925C610085B4EE /* SplashViewController.swift in Sources */,
				78AF27A02A9287BC0085B4EE /* String+Delete.swift in Sources */,
				787326EF2A9B724500AF4339 /* GalleryViewController.swift in Sources */,
				78AF277B2A925C610085B4EE /* AppDelegate.swift in Sources */,
				78AF277D2A925C610085B4EE /* SceneDelegate.swift in Sources */,
				7884C4BC2AAE384000357305 /* URLManager.swift in Sources */,
			);
			runOnlyForDeploymentPostprocessing = 0;
		};
/* End PBXSourcesBuildPhase section */

/* Begin PBXVariantGroup section */
		78AF27802A925C610085B4EE /* Main.storyboard */ = {
			isa = PBXVariantGroup;
			children = (
				78AF27812A925C610085B4EE /* Base */,
			);
			name = Main.storyboard;
			sourceTree = "<group>";
		};
		78AF27852A925C630085B4EE /* LaunchScreen.storyboard */ = {
			isa = PBXVariantGroup;
			children = (
				78AF27862A925C630085B4EE /* Base */,
			);
			name = LaunchScreen.storyboard;
			sourceTree = "<group>";
		};
/* End PBXVariantGroup section */

/* Begin XCBuildConfiguration section */
		78AF27892A925C630085B4EE /* Debug */ = {
			isa = XCBuildConfiguration;
			buildSettings = {
				ALWAYS_SEARCH_USER_PATHS = NO;
				CLANG_ANALYZER_NONNULL = YES;
				CLANG_ANALYZER_NUMBER_OBJECT_CONVERSION = YES_AGGRESSIVE;
				CLANG_CXX_LANGUAGE_STANDARD = "gnu++20";
				CLANG_ENABLE_MODULES = YES;
				CLANG_ENABLE_OBJC_ARC = YES;
				CLANG_ENABLE_OBJC_WEAK = YES;
				CLANG_WARN_BLOCK_CAPTURE_AUTORELEASING = YES;
				CLANG_WARN_BOOL_CONVERSION = YES;
				CLANG_WARN_COMMA = YES;
				CLANG_WARN_CONSTANT_CONVERSION = YES;
				CLANG_WARN_DEPRECATED_OBJC_IMPLEMENTATIONS = YES;
				CLANG_WARN_DIRECT_OBJC_ISA_USAGE = YES_ERROR;
				CLANG_WARN_DOCUMENTATION_COMMENTS = YES;
				CLANG_WARN_EMPTY_BODY = YES;
				CLANG_WARN_ENUM_CONVERSION = YES;
				CLANG_WARN_INFINITE_RECURSION = YES;
				CLANG_WARN_INT_CONVERSION = YES;
				CLANG_WARN_NON_LITERAL_NULL_CONVERSION = YES;
				CLANG_WARN_OBJC_IMPLICIT_RETAIN_SELF = YES;
				CLANG_WARN_OBJC_LITERAL_CONVERSION = YES;
				CLANG_WARN_OBJC_ROOT_CLASS = YES_ERROR;
				CLANG_WARN_QUOTED_INCLUDE_IN_FRAMEWORK_HEADER = YES;
				CLANG_WARN_RANGE_LOOP_ANALYSIS = YES;
				CLANG_WARN_STRICT_PROTOTYPES = YES;
				CLANG_WARN_SUSPICIOUS_MOVE = YES;
				CLANG_WARN_UNGUARDED_AVAILABILITY = YES_AGGRESSIVE;
				CLANG_WARN_UNREACHABLE_CODE = YES;
				CLANG_WARN__DUPLICATE_METHOD_MATCH = YES;
				COPY_PHASE_STRIP = NO;
				DEBUG_INFORMATION_FORMAT = dwarf;
				ENABLE_STRICT_OBJC_MSGSEND = YES;
				ENABLE_TESTABILITY = YES;
				GCC_C_LANGUAGE_STANDARD = gnu11;
				GCC_DYNAMIC_NO_PIC = NO;
				GCC_NO_COMMON_BLOCKS = YES;
				GCC_OPTIMIZATION_LEVEL = 0;
				GCC_PREPROCESSOR_DEFINITIONS = (
					"DEBUG=1",
					"$(inherited)",
				);
				GCC_WARN_64_TO_32_BIT_CONVERSION = YES;
				GCC_WARN_ABOUT_RETURN_TYPE = YES_ERROR;
				GCC_WARN_UNDECLARED_SELECTOR = YES;
				GCC_WARN_UNINITIALIZED_AUTOS = YES_AGGRESSIVE;
				GCC_WARN_UNUSED_FUNCTION = YES;
				GCC_WARN_UNUSED_VARIABLE = YES;
				IPHONEOS_DEPLOYMENT_TARGET = 16.4;
				MTL_ENABLE_DEBUG_INFO = INCLUDE_SOURCE;
				MTL_FAST_MATH = YES;
				ONLY_ACTIVE_ARCH = YES;
				SDKROOT = iphoneos;
				SWIFT_ACTIVE_COMPILATION_CONDITIONS = DEBUG;
				SWIFT_OPTIMIZATION_LEVEL = "-Onone";
			};
			name = Debug;
		};
		78AF278A2A925C630085B4EE /* Release */ = {
			isa = XCBuildConfiguration;
			buildSettings = {
				ALWAYS_SEARCH_USER_PATHS = NO;
				CLANG_ANALYZER_NONNULL = YES;
				CLANG_ANALYZER_NUMBER_OBJECT_CONVERSION = YES_AGGRESSIVE;
				CLANG_CXX_LANGUAGE_STANDARD = "gnu++20";
				CLANG_ENABLE_MODULES = YES;
				CLANG_ENABLE_OBJC_ARC = YES;
				CLANG_ENABLE_OBJC_WEAK = YES;
				CLANG_WARN_BLOCK_CAPTURE_AUTORELEASING = YES;
				CLANG_WARN_BOOL_CONVERSION = YES;
				CLANG_WARN_COMMA = YES;
				CLANG_WARN_CONSTANT_CONVERSION = YES;
				CLANG_WARN_DEPRECATED_OBJC_IMPLEMENTATIONS = YES;
				CLANG_WARN_DIRECT_OBJC_ISA_USAGE = YES_ERROR;
				CLANG_WARN_DOCUMENTATION_COMMENTS = YES;
				CLANG_WARN_EMPTY_BODY = YES;
				CLANG_WARN_ENUM_CONVERSION = YES;
				CLANG_WARN_INFINITE_RECURSION = YES;
				CLANG_WARN_INT_CONVERSION = YES;
				CLANG_WARN_NON_LITERAL_NULL_CONVERSION = YES;
				CLANG_WARN_OBJC_IMPLICIT_RETAIN_SELF = YES;
				CLANG_WARN_OBJC_LITERAL_CONVERSION = YES;
				CLANG_WARN_OBJC_ROOT_CLASS = YES_ERROR;
				CLANG_WARN_QUOTED_INCLUDE_IN_FRAMEWORK_HEADER = YES;
				CLANG_WARN_RANGE_LOOP_ANALYSIS = YES;
				CLANG_WARN_STRICT_PROTOTYPES = YES;
				CLANG_WARN_SUSPICIOUS_MOVE = YES;
				CLANG_WARN_UNGUARDED_AVAILABILITY = YES_AGGRESSIVE;
				CLANG_WARN_UNREACHABLE_CODE = YES;
				CLANG_WARN__DUPLICATE_METHOD_MATCH = YES;
				COPY_PHASE_STRIP = NO;
				DEBUG_INFORMATION_FORMAT = "dwarf-with-dsym";
				ENABLE_NS_ASSERTIONS = NO;
				ENABLE_STRICT_OBJC_MSGSEND = YES;
				GCC_C_LANGUAGE_STANDARD = gnu11;
				GCC_NO_COMMON_BLOCKS = YES;
				GCC_WARN_64_TO_32_BIT_CONVERSION = YES;
				GCC_WARN_ABOUT_RETURN_TYPE = YES_ERROR;
				GCC_WARN_UNDECLARED_SELECTOR = YES;
				GCC_WARN_UNINITIALIZED_AUTOS = YES_AGGRESSIVE;
				GCC_WARN_UNUSED_FUNCTION = YES;
				GCC_WARN_UNUSED_VARIABLE = YES;
				IPHONEOS_DEPLOYMENT_TARGET = 16.4;
				MTL_ENABLE_DEBUG_INFO = NO;
				MTL_FAST_MATH = YES;
				SDKROOT = iphoneos;
				SWIFT_COMPILATION_MODE = wholemodule;
				SWIFT_OPTIMIZATION_LEVEL = "-O";
				VALIDATE_PRODUCT = YES;
			};
			name = Release;
		};
		78AF278C2A925C630085B4EE /* Debug */ = {
			isa = XCBuildConfiguration;
			buildSettings = {
				ASSETCATALOG_COMPILER_APPICON_NAME = AppIcon;
				ASSETCATALOG_COMPILER_GLOBAL_ACCENT_COLOR_NAME = AccentColor;
				CODE_SIGN_STYLE = Automatic;
				CURRENT_PROJECT_VERSION = 1;
				DEVELOPMENT_TEAM = ZH7Y6754HX;
				GENERATE_INFOPLIST_FILE = YES;
				INFOPLIST_FILE = GalleryApp/Info.plist;
				INFOPLIST_KEY_UIApplicationSupportsIndirectInputEvents = YES;
				INFOPLIST_KEY_UILaunchStoryboardName = LaunchScreen;
				INFOPLIST_KEY_UIMainStoryboardFile = Main;
				INFOPLIST_KEY_UISupportedInterfaceOrientations_iPad = "UIInterfaceOrientationPortrait UIInterfaceOrientationPortraitUpsideDown UIInterfaceOrientationLandscapeLeft UIInterfaceOrientationLandscapeRight";
				INFOPLIST_KEY_UISupportedInterfaceOrientations_iPhone = "UIInterfaceOrientationPortrait UIInterfaceOrientationLandscapeLeft UIInterfaceOrientationLandscapeRight";
				LD_RUNPATH_SEARCH_PATHS = (
					"$(inherited)",
					"@executable_path/Frameworks",
				);
				MARKETING_VERSION = 1.0;
				PRODUCT_BUNDLE_IDENTIFIER = nazaruses.com.GalleryApp;
				PRODUCT_NAME = "$(TARGET_NAME)";
				SWIFT_EMIT_LOC_STRINGS = YES;
				SWIFT_VERSION = 5.0;
				TARGETED_DEVICE_FAMILY = "1,2";
			};
			name = Debug;
		};
		78AF278D2A925C630085B4EE /* Release */ = {
			isa = XCBuildConfiguration;
			buildSettings = {
				ASSETCATALOG_COMPILER_APPICON_NAME = AppIcon;
				ASSETCATALOG_COMPILER_GLOBAL_ACCENT_COLOR_NAME = AccentColor;
				CODE_SIGN_STYLE = Automatic;
				CURRENT_PROJECT_VERSION = 1;
				DEVELOPMENT_TEAM = ZH7Y6754HX;
				GENERATE_INFOPLIST_FILE = YES;
				INFOPLIST_FILE = GalleryApp/Info.plist;
				INFOPLIST_KEY_UIApplicationSupportsIndirectInputEvents = YES;
				INFOPLIST_KEY_UILaunchStoryboardName = LaunchScreen;
				INFOPLIST_KEY_UIMainStoryboardFile = Main;
				INFOPLIST_KEY_UISupportedInterfaceOrientations_iPad = "UIInterfaceOrientationPortrait UIInterfaceOrientationPortraitUpsideDown UIInterfaceOrientationLandscapeLeft UIInterfaceOrientationLandscapeRight";
				INFOPLIST_KEY_UISupportedInterfaceOrientations_iPhone = "UIInterfaceOrientationPortrait UIInterfaceOrientationLandscapeLeft UIInterfaceOrientationLandscapeRight";
				LD_RUNPATH_SEARCH_PATHS = (
					"$(inherited)",
					"@executable_path/Frameworks",
				);
				MARKETING_VERSION = 1.0;
				PRODUCT_BUNDLE_IDENTIFIER = nazaruses.com.GalleryApp;
				PRODUCT_NAME = "$(TARGET_NAME)";
				SWIFT_EMIT_LOC_STRINGS = YES;
				SWIFT_VERSION = 5.0;
				TARGETED_DEVICE_FAMILY = "1,2";
			};
			name = Release;
		};
/* End XCBuildConfiguration section */

/* Begin XCConfigurationList section */
		78AF27722A925C610085B4EE /* Build configuration list for PBXProject "GalleryApp" */ = {
			isa = XCConfigurationList;
			buildConfigurations = (
				78AF27892A925C630085B4EE /* Debug */,
				78AF278A2A925C630085B4EE /* Release */,
			);
			defaultConfigurationIsVisible = 0;
			defaultConfigurationName = Release;
		};
		78AF278B2A925C630085B4EE /* Build configuration list for PBXNativeTarget "GalleryApp" */ = {
			isa = XCConfigurationList;
			buildConfigurations = (
				78AF278C2A925C630085B4EE /* Debug */,
				78AF278D2A925C630085B4EE /* Release */,
			);
			defaultConfigurationIsVisible = 0;
			defaultConfigurationName = Release;
		};
/* End XCConfigurationList section */

/* Begin XCRemoteSwiftPackageReference section */
		78AF278E2A925EDF0085B4EE /* XCRemoteSwiftPackageReference "lottie-ios" */ = {
			isa = XCRemoteSwiftPackageReference;
			repositoryURL = "https://github.com/airbnb/lottie-ios.git";
			requirement = {
				kind = upToNextMajorVersion;
				minimumVersion = 4.0.0;
			};
		};
/* End XCRemoteSwiftPackageReference section */

/* Begin XCSwiftPackageProductDependency section */
		78AF278F2A925EDF0085B4EE /* Lottie */ = {
			isa = XCSwiftPackageProductDependency;
			package = 78AF278E2A925EDF0085B4EE /* XCRemoteSwiftPackageReference "lottie-ios" */;
			productName = Lottie;
		};
/* End XCSwiftPackageProductDependency section */
	};
	rootObject = 78AF276F2A925C610085B4EE /* Project object */;
}
